
Microsoft Visual Studio Solution File, Format Version 12.00
# Visual Studio 15
VisualStudioVersion = 15.0.27130.2026
MinimumVisualStudioVersion = 10.0.40219.1
Project("{FAE04EC0-301F-11D3-BF4B-00C04F79EFBC}") = "DockerApp4", "DockerApp4\DockerApp4.csproj", "{805E47FA-3B2F-4820-9A0E-751BA893CB82}"
EndProject
Project("{E53339B2-1760-4266-BCC7-CA923CBCF16C}") = "docker-compose", "docker-compose.dcproj", "{BE3EB2B7-4F44-48A9-8ED4-CA62A89E7124}"
EndProject
Global
	GlobalSection(SolutionConfigurationPlatforms) = preSolution
		Debug|Any CPU = Debug|Any CPU
		Release|Any CPU = Release|Any CPU
	EndGlobalSection
	GlobalSection(ProjectConfigurationPlatforms) = postSolution
		{805E47FA-3B2F-4820-9A0E-751BA893CB82}.Debug|Any CPU.ActiveCfg = Debug|Any CPU
		{805E47FA-3B2F-4820-9A0E-751BA893CB82}.Debug|Any CPU.Build.0 = Debug|Any CPU
		{805E47FA-3B2F-4820-9A0E-751BA893CB82}.Release|Any CPU.ActiveCfg = Release|Any CPU
		{805E47FA-3B2F-4820-9A0E-751BA893CB82}.Release|Any CPU.Build.0 = Release|Any CPU
		{BE3EB2B7-4F44-48A9-8ED4-CA62A89E7124}.Debug|Any CPU.ActiveCfg = Debug|Any CPU
		{BE3EB2B7-4F44-48A9-8ED4-CA62A89E7124}.Debug|Any CPU.Build.0 = Debug|Any CPU
		{BE3EB2B7-4F44-48A9-8ED4-CA62A89E7124}.Release|Any CPU.ActiveCfg = Release|Any CPU
		{BE3EB2B7-4F44-48A9-8ED4-CA62A89E7124}.Release|Any CPU.Build.0 = Release|Any CPU
	EndGlobalSection
	GlobalSection(SolutionProperties) = preSolution
		HideSolutionNode = FALSE
	EndGlobalSection
	GlobalSection(ExtensibilityGlobals) = postSolution
		SolutionGuid = {63D85898-4AFC-439E-8B76-4F0617627D2A}
	EndGlobalSection
EndGlobal
